
Microsoft Visual Studio Solution File, Format Version 12.00
# Visual Studio Version 17
VisualStudioVersion = 17.9.34714.143
MinimumVisualStudioVersion = 10.0.40219.1
Project("{FAE04EC0-301F-11D3-BF4B-00C04F79EFBC}") = "WPFThermalPrint", "WPFThermalPrint\WPFThermalPrint.csproj", "{43109798-85D1-41DF-9024-0A1B1798CBBC}"
EndProject
Global
	GlobalSection(SolutionConfigurationPlatforms) = preSolution
		Debug|Any CPU = Debug|Any CPU
		Release|Any CPU = Release|Any CPU
	EndGlobalSection
	GlobalSection(ProjectConfigurationPlatforms) = postSolution
		{43109798-85D1-41DF-9024-0A1B1798CBBC}.Debug|Any CPU.ActiveCfg = Debug|Any CPU
		{43109798-85D1-41DF-9024-0A1B1798CBBC}.Debug|Any CPU.Build.0 = Debug|Any CPU
		{43109798-85D1-41DF-9024-0A1B1798CBBC}.Release|Any CPU.ActiveCfg = Release|Any CPU
		{43109798-85D1-41DF-9024-0A1B1798CBBC}.Release|Any CPU.Build.0 = Release|Any CPU
	EndGlobalSection
	GlobalSection(SolutionProperties) = preSolution
		HideSolutionNode = FALSE
	EndGlobalSection
	GlobalSection(ExtensibilityGlobals) = postSolution
		SolutionGuid = {7F5325A4-6703-4499-9257-DCD04A001FF4}
	EndGlobalSection
EndGlobal
